{
  "name": "extractor",
  "version": "2.2.0",
  "lockfileVersion": 1,
  "requires": true,
  "dependencies": {
    "@angular/animations": {
      "version": "8.2.14",
      "resolved": "https://registry.npmjs.org/@angular/animations/-/animations-8.2.14.tgz",
      "integrity": "sha512-3Vc9TnNpKdtvKIXcWDFINSsnwgEMiDmLzjceWg1iYKwpeZGQahUXPoesLwQazBMmxJzQiA4HOMj0TTXKZ+Jzkg==",
      "requires": {
        "tslib": "^1.9.0"
      }
    },
    "@angular/common": {
      "version": "8.2.14",
      "resolved": "https://registry.npmjs.org/@angular/common/-/common-8.2.14.tgz",
      "integrity": "sha512-Qmt+aX2quUW54kaNT7QH7WGXnFxr/cC2C6sf5SW5SdkZfDQSiz8IaItvieZfXVQUbBOQKFRJ7TlSkt0jI/yjvw==",
      "requires": {
        "tslib": "^1.9.0"
      }
    },
    "@angular/compiler": {
      "version": "8.2.14",
      "resolved": "https://registry.npmjs.org/@angular/compiler/-/compiler-8.2.14.tgz",
      "integrity": "sha512-ABZO4E7eeFA1QyJ2trDezxeQM5ZFa1dXw1Mpl/+1vuXDKNjJgNyWYwKp/NwRkLmrsuV0yv4UDCDe4kJOGbPKnw==",
      "requires": {
        "tslib": "^1.9.0"
      }
    },
    "@angular/core": {
      "version": "8.2.14",
      "resolved": "https://registry.npmjs.org/@angular/core/-/core-8.2.14.tgz",
      "integrity": "sha512-zeePkigi+hPh3rN7yoNENG/YUBUsIvUXdxx+AZq+QPaFeKEA2FBSrKn36ojHFrdJUjKzl0lPMEiGC2b6a6bo6g==",
      "requires": {
        "tslib": "^1.9.0"
      }
    },
    "@angular/forms": {
      "version": "8.2.14",
      "resolved": "https://registry.npmjs.org/@angular/forms/-/forms-8.2.14.tgz",
      "integrity": "sha512-zhyKL3CFIqcyHJ/TQF/h1OZztK611a6rxuPHCrt/5Sn1SuBTJJQ1pPTkOYIDy6IrCrtyANc8qB6P17Mao71DNQ==",
      "requires": {
        "tslib": "^1.9.0"
      }
    },
    "@angular/platform-browser": {
      "version": "8.2.14",
      "resolved": "https://registry.npmjs.org/@angular/platform-browser/-/platform-browser-8.2.14.tgz",
      "integrity": "sha512-MtJptptyKzsE37JZ2VB/tI4cvMrdAH+cT9pMBYZd66YSZfKjIj5s+AZo7z8ncoskQSB1o3HMfDjSK7QXGx1mLQ==",
      "requires": {
        "tslib": "^1.9.0"
      }
    },
    "@angular/platform-browser-dynamic": {
      "version": "8.2.14",
      "resolved": "https://registry.npmjs.org/@angular/platform-browser-dynamic/-/platform-browser-dynamic-8.2.14.tgz",
      "integrity": "sha512-mO2JPR5kLU/A3AQngy9+R/Q5gaF9csMStBQjwsCRI0wNtlItOIGL6+wTYpiTuh/ux+WVN1F2sLcEYU4Zf1ud9A==",
      "requires": {
        "tslib": "^1.9.0"
      }
    },
    "@ngrx/effects": {
      "version": "8.6.0",
      "resolved": "https://registry.npmjs.org/@ngrx/effects/-/effects-8.6.0.tgz",
      "integrity": "sha512-JdyJLQbv/wnE0ZPY9DcDOtF9PzJuzsKWmIWgIGunHF18wdjk5O8Zpkcrxq18wDRL6geg5UTtNJRMvTQhpDbzow=="
    },
    "@ngrx/store": {
      "version": "8.6.0",
      "resolved": "https://registry.npmjs.org/@ngrx/store/-/store-8.6.0.tgz",
      "integrity": "sha512-K4cvCEa+5hw9qrETQWO+Cha3YbVCAT8yaIKJr/N35KntTL9mQMjoL+51JWLZfBwPV0e19CFgJIyrBnVUTxwr2A=="
    },
    "@ngrx/store-devtools": {
      "version": "8.6.0",
      "resolved": "https://registry.npmjs.org/@ngrx/store-devtools/-/store-devtools-8.6.0.tgz",
      "integrity": "sha512-PWZmiOZE0J56GFfZpuzKLb7w0K2c6OXZSp/eWDeAvtdHFD4/Nas1i4TXtiWWMWWnSZeNs0hNIg4nFJXi2EddJQ=="
    },
    "primeng": {
      "version": "9.0.0-rc.4",
      "resolved": "https://registry.npmjs.org/primeng/-/primeng-9.0.0-rc.4.tgz",
      "integrity": "sha512-g8XVsE7hBxtTWe4aYfF1I/27CGWTR7HFmfSKADh1hkO8A4tfQRfYkID1yo6fNd8t3xRMWYIn31nELQHgqiAe6Q=="
    },
    "rxjs": {
      "version": "6.5.4",
      "resolved": "https://registry.npmjs.org/rxjs/-/rxjs-6.5.4.tgz",
      "integrity": "sha512-naMQXcgEo3csAEGvw/NydRA0fuS2nDZJiw1YUWFKU7aPPAPGZEsD4Iimit96qwCieH6y614MCLYwdkrWx7z/7Q==",
      "requires": {
        "tslib": "^1.9.0"
      }
    },
    "tslib": {
      "version": "1.10.0",
      "resolved": "https://registry.npmjs.org/tslib/-/tslib-1.10.0.tgz",
      "integrity": "sha512-qOebF53frne81cf0S9B41ByenJ3/IuH8yJKngAX35CmiZySA0khhkovshKK+jGCaMnVomla7gVlIcc3EvKPbTQ=="
    },
    "zone.js": {
      "version": "0.9.1",
      "resolved": "https://registry.npmjs.org/zone.js/-/zone.js-0.9.1.tgz",
      "integrity": "sha512-GkPiJL8jifSrKReKaTZ5jkhrMEgXbXYC+IPo1iquBjayRa0q86w3Dipjn8b415jpitMExe9lV8iTsv8tk3DGag=="
    }
  }
}
